
Microsoft Visual Studio Solution File, Format Version 12.00
# Visual Studio 14
VisualStudioVersion = 14.0.23107.0
MinimumVisualStudioVersion = 10.0.40219.1
Project("{FAE04EC0-301F-11D3-BF4B-00C04F79EFBC}") = "BMIapp", "BMIapp\BMIapp.csproj", "{3000A3F9-6BA3-4C91-94F0-CE29FD76FA0C}"
EndProject
Project("{FAE04EC0-301F-11D3-BF4B-00C04F79EFBC}") = "BMIapp.Tests", "BMIapp.Tests\BMIapp.Tests.csproj", "{4E08ACF3-3235-4AE7-86BB-956FEB4893D1}"
EndProject
Global
	GlobalSection(SolutionConfigurationPlatforms) = preSolution
		Debug|Any CPU = Debug|Any CPU
		Release|Any CPU = Release|Any CPU
	EndGlobalSection
	GlobalSection(ProjectConfigurationPlatforms) = postSolution
		{3000A3F9-6BA3-4C91-94F0-CE29FD76FA0C}.Debug|Any CPU.ActiveCfg = Debug|Any CPU
		{3000A3F9-6BA3-4C91-94F0-CE29FD76FA0C}.Debug|Any CPU.Build.0 = Debug|Any CPU
		{3000A3F9-6BA3-4C91-94F0-CE29FD76FA0C}.Release|Any CPU.ActiveCfg = Release|Any CPU
		{3000A3F9-6BA3-4C91-94F0-CE29FD76FA0C}.Release|Any CPU.Build.0 = Release|Any CPU
		{4E08ACF3-3235-4AE7-86BB-956FEB4893D1}.Debug|Any CPU.ActiveCfg = Debug|Any CPU
		{4E08ACF3-3235-4AE7-86BB-956FEB4893D1}.Debug|Any CPU.Build.0 = Debug|Any CPU
		{4E08ACF3-3235-4AE7-86BB-956FEB4893D1}.Release|Any CPU.ActiveCfg = Release|Any CPU
		{4E08ACF3-3235-4AE7-86BB-956FEB4893D1}.Release|Any CPU.Build.0 = Release|Any CPU
	EndGlobalSection
	GlobalSection(SolutionProperties) = preSolution
		HideSolutionNode = FALSE
	EndGlobalSection
EndGlobal
